
Microsoft Visual Studio Solution File, Format Version 12.00
# Visual Studio Version 17
VisualStudioVersion = 17.10.34902.84
MinimumVisualStudioVersion = 10.0.40219.1
Project("{FAE04EC0-301F-11D3-BF4B-00C04F79EFBC}") = "BookClub", "BookClub\BookClub.csproj", "{97D99228-D4F2-4DC1-A5A2-4175BBA7EA8E}"
EndProject
Global
	GlobalSection(SolutionConfigurationPlatforms) = preSolution
		Debug|Any CPU = Debug|Any CPU
		Release|Any CPU = Release|Any CPU
	EndGlobalSection
	GlobalSection(ProjectConfigurationPlatforms) = postSolution
		{97D99228-D4F2-4DC1-A5A2-4175BBA7EA8E}.Debug|Any CPU.ActiveCfg = Debug|Any CPU
		{97D99228-D4F2-4DC1-A5A2-4175BBA7EA8E}.Debug|Any CPU.Build.0 = Debug|Any CPU
		{97D99228-D4F2-4DC1-A5A2-4175BBA7EA8E}.Release|Any CPU.ActiveCfg = Release|Any CPU
		{97D99228-D4F2-4DC1-A5A2-4175BBA7EA8E}.Release|Any CPU.Build.0 = Release|Any CPU
	EndGlobalSection
	GlobalSection(SolutionProperties) = preSolution
		HideSolutionNode = FALSE
	EndGlobalSection
	GlobalSection(ExtensibilityGlobals) = postSolution
		SolutionGuid = {E53DAAA9-40FF-490C-BF61-3534916E7150}
	EndGlobalSection
EndGlobal
